dependencies:
  espressif/mdns:
    component_hash: 3ec0af5f6bce310512e90f482388d21cc7c0e99668172d2f895356165fc6f7c5
    source:
      service_url: https://api.components.espressif.com/
      type: service
    version: 1.8.2
  idf:
    component_hash: null
    source:
      type: idf
    version: 5.4.0
  protocol_examples_common:
    component_hash: null
    source:
      path: /home/tixiv/.platformio/packages/framework-espidf/examples/common_components/protocol_examples_common
      type: local
    version: '*'
manifest_hash: adfa37b8ebfe178e5bf2ceb43b10828bc335157ef8fd929a00708ddd8c6c3d01
target: esp32
version: 1.0.0
