dependencies:
  idf:
    component_hash: null
    source:
      type: idf
    version: 5.4.0
  protocol_examples_common:
    component_hash: null
    source:
      path: /home/tixiv/.platformio/packages/framework-espidf/examples/common_components/protocol_examples_common
      type: local
    version: '*'
manifest_hash: de5d89b2375e70eb1de454e87ca4d62fabb523879bc3a45cdce009af9ccd5686
target: esp32
version: 1.0.0
